// !$*UTF8*$!
{
	archiveVersion = 1;
	classes = {
	};
	objectVersion = 46;
	objects = {

/* Begin PBXBuildFile section */
		980A58661AD8512C007D4F77 /* Current.swift in Sources */ = {isa = PBXBuildFile; fileRef = 980A58651AD8512C007D4F77 /* Current.swift */; };
		9861053D1AD60E0B00E8C6D8 /* AppDelegate.swift in Sources */ = {isa = PBXBuildFile; fileRef = 9861053C1AD60E0B00E8C6D8 /* AppDelegate.swift */; };
		9861053F1AD60E0B00E8C6D8 /* ViewController.swift in Sources */ = {isa = PBXBuildFile; fileRef = 9861053E1AD60E0B00E8C6D8 /* ViewController.swift */; };
		986105421AD60E0B00E8C6D8 /* Main.storyboard in Resources */ = {isa = PBXBuildFile; fileRef = 986105401AD60E0B00E8C6D8 /* Main.storyboard */; };
		986105441AD60E0B00E8C6D8 /* Images.xcassets in Resources */ = {isa = PBXBuildFile; fileRef = 986105431AD60E0B00E8C6D8 /* Images.xcassets */; };
		986105471AD60E0B00E8C6D8 /* LaunchScreen.xib in Resources */ = {isa = PBXBuildFile; fileRef = 986105451AD60E0B00E8C6D8 /* LaunchScreen.xib */; };
		986105531AD60E0C00E8C6D8 /* StormyTests.swift in Sources */ = {isa = PBXBuildFile; fileRef = 986105521AD60E0C00E8C6D8 /* StormyTests.swift */; };
/* End PBXBuildFile section */

/* Begin PBXContainerItemProxy section */
		9861054D1AD60E0C00E8C6D8 /* PBXContainerItemProxy */ = {
			isa = PBXContainerItemProxy;
			containerPortal = 9861052F1AD60E0B00E8C6D8 /* Project object */;
			proxyType = 1;
			remoteGlobalIDString = 986105361AD60E0B00E8C6D8;
			remoteInfo = Stormy;
		};
/* End PBXContainerItemProxy section */

/* Begin PBXFileReference section */
		980A58651AD8512C007D4F77 /* Current.swift */ = {isa = PBXFileReference; fileEncoding = 4; lastKnownFileType = sourcecode.swift; path = Current.swift; sourceTree = "<group>"; };
		986105371AD60E0B00E8C6D8 /* Stormy.app */ = {isa = PBXFileReference; explicitFileType = wrapper.application; includeInIndex = 0; path = Stormy.app; sourceTree = BUILT_PRODUCTS_DIR; };
		9861053B1AD60E0B00E8C6D8 /* Info.plist */ = {isa = PBXFileReference; lastKnownFileType = text.plist.xml; path = Info.plist; sourceTree = "<group>"; };
		9861053C1AD60E0B00E8C6D8 /* AppDelegate.swift */ = {isa = PBXFileReference; lastKnownFileType = sourcecode.swift; path = AppDelegate.swift; sourceTree = "<group>"; };
		9861053E1AD60E0B00E8C6D8 /* ViewController.swift */ = {isa = PBXFileReference; lastKnownFileType = sourcecode.swift; path = ViewController.swift; sourceTree = "<group>"; };
		986105411AD60E0B00E8C6D8 /* Base */ = {isa = PBXFileReference; lastKnownFileType = file.storyboard; name = Base; path = Base.lproj/Main.storyboard; sourceTree = "<group>"; };
		986105431AD60E0B00E8C6D8 /* Images.xcassets */ = {isa = PBXFileReference; lastKnownFileType = folder.assetcatalog; path = Images.xcassets; sourceTree = "<group>"; };
		986105461AD60E0B00E8C6D8 /* Base */ = {isa = PBXFileReference; lastKnownFileType = file.xib; name = Base; path = Base.lproj/LaunchScreen.xib; sourceTree = "<group>"; };
		9861054C1AD60E0C00E8C6D8 /* StormyTests.xctest */ = {isa = PBXFileReference; explicitFileType = wrapper.cfbundle; includeInIndex = 0; path = StormyTests.xctest; sourceTree = BUILT_PRODUCTS_DIR; };
		986105511AD60E0C00E8C6D8 /* Info.plist */ = {isa = PBXFileReference; lastKnownFileType = text.plist.xml; path = Info.plist; sourceTree = "<group>"; };
		986105521AD60E0C00E8C6D8 /* StormyTests.swift */ = {isa = PBXFileReference; lastKnownFileType = sourcecode.swift; path = StormyTests.swift; sourceTree = "<group>"; };
/* End PBXFileReference section */

/* Begin PBXFrameworksBuildPhase section */
		986105341AD60E0B00E8C6D8 /* Frameworks */ = {
			isa = PBXFrameworksBuildPhase;
			buildActionMask = 2147483647;
			files = (
			);
			runOnlyForDeploymentPostprocessing = 0;
		};
		986105491AD60E0C00E8C6D8 /* Frameworks */ = {
			isa = PBXFrameworksBuildPhase;
			buildActionMask = 2147483647;
			files = (
			);
			runOnlyForDeploymentPostprocessing = 0;
		};
/* End PBXFrameworksBuildPhase section */

/* Begin PBXGroup section */
		9861052E1AD60E0B00E8C6D8 = {
			isa = PBXGroup;
			children = (
				986105391AD60E0B00E8C6D8 /* Stormy */,
				9861054F1AD60E0C00E8C6D8 /* StormyTests */,
				986105381AD60E0B00E8C6D8 /* Products */,
			);
			sourceTree = "<group>";
		};
		986105381AD60E0B00E8C6D8 /* Products */ = {
			isa = PBXGroup;
			children = (
				986105371AD60E0B00E8C6D8 /* Stormy.app */,
				9861054C1AD60E0C00E8C6D8 /* StormyTests.xctest */,
			);
			name = Products;
			sourceTree = "<group>";
		};
		986105391AD60E0B00E8C6D8 /* Stormy */ = {
			isa = PBXGroup;
			children = (
				9861053C1AD60E0B00E8C6D8 /* AppDelegate.swift */,
				9861053E1AD60E0B00E8C6D8 /* ViewController.swift */,
				980A58651AD8512C007D4F77 /* Current.swift */,
				986105401AD60E0B00E8C6D8 /* Main.storyboard */,
				986105431AD60E0B00E8C6D8 /* Images.xcassets */,
				986105451AD60E0B00E8C6D8 /* LaunchScreen.xib */,
				9861053A1AD60E0B00E8C6D8 /* Supporting Files */,
			);
			path = Stormy;
			sourceTree = "<group>";
		};
		9861053A1AD60E0B00E8C6D8 /* Supporting Files */ = {
			isa = PBXGroup;
			children = (
				9861053B1AD60E0B00E8C6D8 /* Info.plist */,
			);
			name = "Supporting Files";
			sourceTree = "<group>";
		};
		9861054F1AD60E0C00E8C6D8 /* StormyTests */ = {
			isa = PBXGroup;
			children = (
				986105521AD60E0C00E8C6D8 /* StormyTests.swift */,
				986105501AD60E0C00E8C6D8 /* Supporting Files */,
			);
			path = StormyTests;
			sourceTree = "<group>";
		};
		986105501AD60E0C00E8C6D8 /* Supporting Files */ = {
			isa = PBXGroup;
			children = (
				986105511AD60E0C00E8C6D8 /* Info.plist */,
			);
			name = "Supporting Files";
			sourceTree = "<group>";
		};
/* End PBXGroup section */

/* Begin PBXNativeTarget section */
		986105361AD60E0B00E8C6D8 /* Stormy */ = {
			isa = PBXNativeTarget;
			buildConfigurationList = 986105561AD60E0C00E8C6D8 /* Build configuration list for PBXNativeTarget "Stormy" */;
			buildPhases = (
				986105331AD60E0B00E8C6D8 /* Sources */,
				986105341AD60E0B00E8C6D8 /* Frameworks */,
				986105351AD60E0B00E8C6D8 /* Resources */,
			);
			buildRules = (
			);
			dependencies = (
			);
			name = Stormy;
			productName = Stormy;
			productReference = 986105371AD60E0B00E8C6D8 /* Stormy.app */;
			productType = "com.apple.product-type.application";
		};
		9861054B1AD60E0C00E8C6D8 /* StormyTests */ = {
			isa = PBXNativeTarget;
			buildConfigurationList = 986105591AD60E0C00E8C6D8 /* Build configuration list for PBXNativeTarget "StormyTests" */;
			buildPhases = (
				986105481AD60E0C00E8C6D8 /* Sources */,
				986105491AD60E0C00E8C6D8 /* Frameworks */,
				9861054A1AD60E0C00E8C6D8 /* Resources */,
			);
			buildRules = (
			);
			dependencies = (
				9861054E1AD60E0C00E8C6D8 /* PBXTargetDependency */,
			);
			name = StormyTests;
			productName = StormyTests;
			productReference = 9861054C1AD60E0C00E8C6D8 /* StormyTests.xctest */;
			productType = "com.apple.product-type.bundle.unit-test";
		};
/* End PBXNativeTarget section */

/* Begin PBXProject section */
		9861052F1AD60E0B00E8C6D8 /* Project object */ = {
			isa = PBXProject;
			attributes = {
				LastUpgradeCheck = 0620;
				ORGANIZATIONNAME = "Christine Rose";
				TargetAttributes = {
					986105361AD60E0B00E8C6D8 = {
						CreatedOnToolsVersion = 6.2;
					};
					9861054B1AD60E0C00E8C6D8 = {
						CreatedOnToolsVersion = 6.2;
						TestTargetID = 986105361AD60E0B00E8C6D8;
					};
				};
			};
			buildConfigurationList = 986105321AD60E0B00E8C6D8 /* Build configuration list for PBXProject "Stormy" */;
			compatibilityVersion = "Xcode 3.2";
			developmentRegion = English;
			hasScannedForEncodings = 0;
			knownRegions = (
				en,
				Base,
			);
			mainGroup = 9861052E1AD60E0B00E8C6D8;
			productRefGroup = 986105381AD60E0B00E8C6D8 /* Products */;
			projectDirPath = "";
			projectRoot = "";
			targets = (
				986105361AD60E0B00E8C6D8 /* Stormy */,
				9861054B1AD60E0C00E8C6D8 /* StormyTests */,
			);
		};
/* End PBXProject section */

/* Begin PBXResourcesBuildPhase section */
		986105351AD60E0B00E8C6D8 /* Resources */ = {
			isa = PBXResourcesBuildPhase;
			buildActionMask = 2147483647;
			files = (
				986105421AD60E0B00E8C6D8 /* Main.storyboard in Resources */,
				986105471AD60E0B00E8C6D8 /* LaunchScreen.xib in Resources */,
				986105441AD60E0B00E8C6D8 /* Images.xcassets in Resources */,
			);
			runOnlyForDeploymentPostprocessing = 0;
		};
		9861054A1AD60E0C00E8C6D8 /* Resources */ = {
			isa = PBXResourcesBuildPhase;
			buildActionMask = 2147483647;
			files = (
			);
			runOnlyForDeploymentPostprocessing = 0;
		};
/* End PBXResourcesBuildPhase section */

/* Begin PBXSourcesBuildPhase section */
		986105331AD60E0B00E8C6D8 /* Sources */ = {
			isa = PBXSourcesBuildPhase;
			buildActionMask = 2147483647;
			files = (
				980A58661AD8512C007D4F77 /* Current.swift in Sources */,
				9861053F1AD60E0B00E8C6D8 /* ViewController.swift in Sources */,
				9861053D1AD60E0B00E8C6D8 /* AppDelegate.swift in Sources */,
			);
			runOnlyForDeploymentPostprocessing = 0;
		};
		986105481AD60E0C00E8C6D8 /* Sources */ = {
			isa = PBXSourcesBuildPhase;
			buildActionMask = 2147483647;
			files = (
				986105531AD60E0C00E8C6D8 /* StormyTests.swift in Sources */,
			);
			runOnlyForDeploymentPostprocessing = 0;
		};
/* End PBXSourcesBuildPhase section */

/* Begin PBXTargetDependency section */
		9861054E1AD60E0C00E8C6D8 /* PBXTargetDependency */ = {
			isa = PBXTargetDependency;
			target = 986105361AD60E0B00E8C6D8 /* Stormy */;
			targetProxy = 9861054D1AD60E0C00E8C6D8 /* PBXContainerItemProxy */;
		};
/* End PBXTargetDependency section */

/* Begin PBXVariantGroup section */
		986105401AD60E0B00E8C6D8 /* Main.storyboard */ = {
			isa = PBXVariantGroup;
			children = (
				986105411AD60E0B00E8C6D8 /* Base */,
			);
			name = Main.storyboard;
			sourceTree = "<group>";
		};
		986105451AD60E0B00E8C6D8 /* LaunchScreen.xib */ = {
			isa = PBXVariantGroup;
			children = (
				986105461AD60E0B00E8C6D8 /* Base */,
			);
			name = LaunchScreen.xib;
			sourceTree = "<group>";
		};
/* End PBXVariantGroup section */

/* Begin XCBuildConfiguration section */
		986105541AD60E0C00E8C6D8 /* Debug */ = {
			isa = XCBuildConfiguration;
			buildSettings = {
				ALWAYS_SEARCH_USER_PATHS = NO;
				CLANG_CXX_LANGUAGE_STANDARD = "gnu++0x";
				CLANG_CXX_LIBRARY = "libc++";
				CLANG_ENABLE_MODULES = YES;
				CLANG_ENABLE_OBJC_ARC = YES;
				CLANG_WARN_BOOL_CONVERSION = YES;
				CLANG_WARN_CONSTANT_CONVERSION = YES;
				CLANG_WARN_DIRECT_OBJC_ISA_USAGE = YES_ERROR;
				CLANG_WARN_EMPTY_BODY = YES;
				CLANG_WARN_ENUM_CONVERSION = YES;
				CLANG_WARN_INT_CONVERSION = YES;
				CLANG_WARN_OBJC_ROOT_CLASS = YES_ERROR;
				CLANG_WARN_UNREACHABLE_CODE = YES;
				CLANG_WARN__DUPLICATE_METHOD_MATCH = YES;
				"CODE_SIGN_IDENTITY[sdk=iphoneos*]" = "iPhone Developer";
				COPY_PHASE_STRIP = NO;
				ENABLE_STRICT_OBJC_MSGSEND = YES;
				GCC_C_LANGUAGE_STANDARD = gnu99;
				GCC_DYNAMIC_NO_PIC = NO;
				GCC_OPTIMIZATION_LEVEL = 0;
				GCC_PREPROCESSOR_DEFINITIONS = (
					"DEBUG=1",
					"$(inherited)",
				);
				GCC_SYMBOLS_PRIVATE_EXTERN = NO;
				GCC_WARN_64_TO_32_BIT_CONVERSION = YES;
				GCC_WARN_ABOUT_RETURN_TYPE = YES_ERROR;
				GCC_WARN_UNDECLARED_SELECTOR = YES;
				GCC_WARN_UNINITIALIZED_AUTOS = YES_AGGRESSIVE;
				GCC_WARN_UNUSED_FUNCTION = YES;
				GCC_WARN_UNUSED_VARIABLE = YES;
				IPHONEOS_DEPLOYMENT_TARGET = 8.2;
				MTL_ENABLE_DEBUG_INFO = YES;
				ONLY_ACTIVE_ARCH = YES;
				SDKROOT = iphoneos;
				SWIFT_OPTIMIZATION_LEVEL = "-Onone";
			};
			name = Debug;
		};
		986105551AD60E0C00E8C6D8 /* Release */ = {
			isa = XCBuildConfiguration;
			buildSettings = {
				ALWAYS_SEARCH_USER_PATHS = NO;
				CLANG_CXX_LANGUAGE_STANDARD = "gnu++0x";
				CLANG_CXX_LIBRARY = "libc++";
				CLANG_ENABLE_MODULES = YES;
				CLANG_ENABLE_OBJC_ARC = YES;
				CLANG_WARN_BOOL_CONVERSION = YES;
				CLANG_WARN_CONSTANT_CONVERSION = YES;
				CLANG_WARN_DIRECT_OBJC_ISA_USAGE = YES_ERROR;
				CLANG_WARN_EMPTY_BODY = YES;
				CLANG_WARN_ENUM_CONVERSION = YES;
				CLANG_WARN_INT_CONVERSION = YES;
				CLANG_WARN_OBJC_ROOT_CLASS = YES_ERROR;
				CLANG_WARN_UNREACHABLE_CODE = YES;
				CLANG_WARN__DUPLICATE_METHOD_MATCH = YES;
				"CODE_SIGN_IDENTITY[sdk=iphoneos*]" = "iPhone Developer";
				COPY_PHASE_STRIP = NO;
				ENABLE_NS_ASSERTIONS = NO;
				ENABLE_STRICT_OBJC_MSGSEND = YES;
				GCC_C_LANGUAGE_STANDARD = gnu99;
				GCC_WARN_64_TO_32_BIT_CONVERSION = YES;
				GCC_WARN_ABOUT_RETURN_TYPE = YES_ERROR;
				GCC_WARN_UNDECLARED_SELECTOR = YES;
				GCC_WARN_UNINITIALIZED_AUTOS = YES_AGGRESSIVE;
				GCC_WARN_UNUSED_FUNCTION = YES;
				GCC_WARN_UNUSED_VARIABLE = YES;
				IPHONEOS_DEPLOYMENT_TARGET = 8.2;
				MTL_ENABLE_DEBUG_INFO = NO;
				SDKROOT = iphoneos;
				VALIDATE_PRODUCT = YES;
			};
			name = Release;
		};
		986105571AD60E0C00E8C6D8 /* Debug */ = {
			isa = XCBuildConfiguration;
			buildSettings = {
				ASSETCATALOG_COMPILER_APPICON_NAME = AppIcon;
				INFOPLIST_FILE = Stormy/Info.plist;
				LD_RUNPATH_SEARCH_PATHS = "$(inherited) @executable_path/Frameworks";
				PRODUCT_NAME = "$(TARGET_NAME)";
			};
			name = Debug;
		};
		986105581AD60E0C00E8C6D8 /* Release */ = {
			isa = XCBuildConfiguration;
			buildSettings = {
				ASSETCATALOG_COMPILER_APPICON_NAME = AppIcon;
				INFOPLIST_FILE = Stormy/Info.plist;
				LD_RUNPATH_SEARCH_PATHS = "$(inherited) @executable_path/Frameworks";
				PRODUCT_NAME = "$(TARGET_NAME)";
			};
			name = Release;
		};
		9861055A1AD60E0C00E8C6D8 /* Debug */ = {
			isa = XCBuildConfiguration;
			buildSettings = {
				BUNDLE_LOADER = "$(TEST_HOST)";
				FRAMEWORK_SEARCH_PATHS = (
					"$(SDKROOT)/Developer/Library/Frameworks",
					"$(inherited)",
				);
				GCC_PREPROCESSOR_DEFINITIONS = (
					"DEBUG=1",
					"$(inherited)",
				);
				INFOPLIST_FILE = StormyTests/Info.plist;
				LD_RUNPATH_SEARCH_PATHS = "$(inherited) @executable_path/Frameworks @loader_path/Frameworks";
				PRODUCT_NAME = "$(TARGET_NAME)";
				TEST_HOST = "$(BUILT_PRODUCTS_DIR)/Stormy.app/Stormy";
			};
			name = Debug;
		};
		9861055B1AD60E0C00E8C6D8 /* Release */ = {
			isa = XCBuildConfiguration;
			buildSettings = {
				BUNDLE_LOADER = "$(TEST_HOST)";
				FRAMEWORK_SEARCH_PATHS = (
					"$(SDKROOT)/Developer/Library/Frameworks",
					"$(inherited)",
				);
				INFOPLIST_FILE = StormyTests/Info.plist;
				LD_RUNPATH_SEARCH_PATHS = "$(inherited) @executable_path/Frameworks @loader_path/Frameworks";
				PRODUCT_NAME = "$(TARGET_NAME)";
				TEST_HOST = "$(BUILT_PRODUCTS_DIR)/Stormy.app/Stormy";
			};
			name = Release;
		};
/* End XCBuildConfiguration section */

/* Begin XCConfigurationList section */
		986105321AD60E0B00E8C6D8 /* Build configuration list for PBXProject "Stormy" */ = {
			isa = XCConfigurationList;
			buildConfigurations = (
				986105541AD60E0C00E8C6D8 /* Debug */,
				986105551AD60E0C00E8C6D8 /* Release */,
			);
			defaultConfigurationIsVisible = 0;
			defaultConfigurationName = Release;
		};
		986105561AD60E0C00E8C6D8 /* Build configuration list for PBXNativeTarget "Stormy" */ = {
			isa = XCConfigurationList;
			buildConfigurations = (
				986105571AD60E0C00E8C6D8 /* Debug */,
				986105581AD60E0C00E8C6D8 /* Release */,
			);
			defaultConfigurationIsVisible = 0;
			defaultConfigurationName = Release;
		};
		986105591AD60E0C00E8C6D8 /* Build configuration list for PBXNativeTarget "StormyTests" */ = {
			isa = XCConfigurationList;
			buildConfigurations = (
				9861055A1AD60E0C00E8C6D8 /* Debug */,
				9861055B1AD60E0C00E8C6D8 /* Release */,
			);
			defaultConfigurationIsVisible = 0;
			defaultConfigurationName = Release;
		};
/* End XCConfigurationList section */
	};
	rootObject = 9861052F1AD60E0B00E8C6D8 /* Project object */;
}
